---
http_interactions:
- request:
    method: get
    uri: https://api.ordnancesurvey.co.uk/places/v1/addresses/postcode?dataset=LPI&key=<ORDNANCE_SURVEY_PLACES_API_KEY>&postcode=SW1P2LQ
    body:
      encoding: US-ASCII
      string: ''
    headers:
      User-Agent:
      - Faraday v1.0.1
      Accept-Encoding:
      - gzip;q=1.0,deflate;q=0.6,identity;q=0.3
      Accept:
      - "*/*"
  response:
    status:
      code: 200
      message: OK
    headers:
      Date:
      - Mon, 04 May 2020 13:27:17 GMT
      Content-Type:
      - application/json;charset=UTF-8
      Transfer-Encoding:
      - chunked
      Connection:
      - keep-alive
      Tx-Id:
      - 1588598837339:339
      Status:
      - success
    body:
      encoding: UTF-8
      string: |-
        {
          "header" : {
            "uri" : "https://api.ordnancesurvey.co.uk/places/v1/addresses/postcode?dataset=LPI&postcode=SW1P2LQ",
            "query" : "postcode=SW1P2LQ",
            "offset" : 0,
            "totalresults" : 16,
            "format" : "JSON",
            "dataset" : "LPI",
            "lr" : "EN,CY",
            "maxresults" : 100,
            "epoch" : "75",
            "output_srs" : "EPSG:27700"
          },
          "results" : [ {
            "LPI" : {
              "UPRN" : "10033539608",
              "ADDRESS" : "FLAT 1, D BLOCK PEABODY ESTATE, OLD PYE STREET, LONDON, CITY OF WESTMINSTER, SW1P 2LQ",
              "USRN" : "8400146",
              "LPI_KEY" : "5990L000166902",
              "SAO_TEXT" : "FLAT 1",
              "PAO_TEXT" : "D BLOCK PEABODY ESTATE",
              "STREET_DESCRIPTION" : "OLD PYE STREET",
              "TOWN_NAME" : "LONDON",
              "ADMINISTRATIVE_AREA" : "CITY OF WESTMINSTER",
              "POSTCODE_LOCATOR" : "SW1P 2LQ",
              "RPC" : "2",
              "X_COORDINATE" : 529735.0,
              "Y_COORDINATE" : 179254.0,
              "STATUS" : "APPROVED",
              "LOGICAL_STATUS_CODE" : "1",
              "CLASSIFICATION_CODE" : "RD06",
              "CLASSIFICATION_CODE_DESCRIPTION" : "Self Contained Flat (Includes Maisonette / Apartment)",
              "LOCAL_CUSTODIAN_CODE" : 5990,
              "LOCAL_CUSTODIAN_CODE_DESCRIPTION" : "CITY OF WESTMINSTER",
              "POSTAL_ADDRESS_CODE" : "D",
              "POSTAL_ADDRESS_CODE_DESCRIPTION" : "A record which is linked to PAF",
              "BLPU_STATE_CODE" : "2",
              "BLPU_STATE_CODE_DESCRIPTION" : "In use",
              "TOPOGRAPHY_LAYER_TOID" : "osgb1000042216769",
              "PARENT_UPRN" : "10033551650",
              "LAST_UPDATE_DATE" : "12/11/2018",
              "ENTRY_DATE" : "27/04/2003",
              "BLPU_STATE_DATE" : "27/04/2003",
              "LPI_LOGICAL_STATUS_CODE" : "1",
              "LPI_LOGICAL_STATUS_CODE_DESCRIPTION" : "APPROVED",
              "LANGUAGE" : "EN",
              "MATCH" : 1.0,
              "MATCH_DESCRIPTION" : "EXACT"
            }
          }, {
            "LPI" : {
              "UPRN" : "10033539609",
              "ADDRESS" : "FLAT 10, D BLOCK PEABODY ESTATE, OLD PYE STREET, LONDON, CITY OF WESTMINSTER, SW1P 2LQ",
              "USRN" : "8400146",
              "LPI_KEY" : "5990L000011804",
              "SAO_TEXT" : "FLAT 10",
              "PAO_TEXT" : "D BLOCK PEABODY ESTATE",
              "STREET_DESCRIPTION" : "OLD PYE STREET",
              "TOWN_NAME" : "LONDON",
              "ADMINISTRATIVE_AREA" : "CITY OF WESTMINSTER",
              "POSTCODE_LOCATOR" : "SW1P 2LQ",
              "RPC" : "2",
              "X_COORDINATE" : 529735.0,
              "Y_COORDINATE" : 179254.0,
              "STATUS" : "APPROVED",
              "LOGICAL_STATUS_CODE" : "1",
              "CLASSIFICATION_CODE" : "RD06",
              "CLASSIFICATION_CODE_DESCRIPTION" : "Self Contained Flat (Includes Maisonette / Apartment)",
              "LOCAL_CUSTODIAN_CODE" : 5990,
              "LOCAL_CUSTODIAN_CODE_DESCRIPTION" : "CITY OF WESTMINSTER",
              "POSTAL_ADDRESS_CODE" : "D",
              "POSTAL_ADDRESS_CODE_DESCRIPTION" : "A record which is linked to PAF",
              "BLPU_STATE_CODE" : "2",
              "BLPU_STATE_CODE_DESCRIPTION" : "In use",
              "TOPOGRAPHY_LAYER_TOID" : "osgb1000042216769",
              "PARENT_UPRN" : "10033551650",
              "LAST_UPDATE_DATE" : "12/11/2018",
              "ENTRY_DATE" : "27/04/2003",
              "BLPU_STATE_DATE" : "27/04/2003",
              "LPI_LOGICAL_STATUS_CODE" : "1",
              "LPI_LOGICAL_STATUS_CODE_DESCRIPTION" : "APPROVED",
              "LANGUAGE" : "EN",
              "MATCH" : 1.0,
              "MATCH_DESCRIPTION" : "EXACT"
            }
          }, {
            "LPI" : {
              "UPRN" : "10033539610",
              "ADDRESS" : "FLAT 11, D BLOCK PEABODY ESTATE, OLD PYE STREET, LONDON, CITY OF WESTMINSTER, SW1P 2LQ",
              "USRN" : "8400146",
              "LPI_KEY" : "5990L000011994",
              "SAO_TEXT" : "FLAT 11",
              "PAO_TEXT" : "D BLOCK PEABODY ESTATE",
              "STREET_DESCRIPTION" : "OLD PYE STREET",
              "TOWN_NAME" : "LONDON",
              "ADMINISTRATIVE_AREA" : "CITY OF WESTMINSTER",
              "POSTCODE_LOCATOR" : "SW1P 2LQ",
              "RPC" : "2",
              "X_COORDINATE" : 529735.0,
              "Y_COORDINATE" : 179254.0,
              "STATUS" : "APPROVED",
              "LOGICAL_STATUS_CODE" : "1",
              "CLASSIFICATION_CODE" : "RD06",
              "CLASSIFICATION_CODE_DESCRIPTION" : "Self Contained Flat (Includes Maisonette / Apartment)",
              "LOCAL_CUSTODIAN_CODE" : 5990,
              "LOCAL_CUSTODIAN_CODE_DESCRIPTION" : "CITY OF WESTMINSTER",
              "POSTAL_ADDRESS_CODE" : "D",
              "POSTAL_ADDRESS_CODE_DESCRIPTION" : "A record which is linked to PAF",
              "BLPU_STATE_CODE" : "2",
              "BLPU_STATE_CODE_DESCRIPTION" : "In use",
              "TOPOGRAPHY_LAYER_TOID" : "osgb1000042216769",
              "PARENT_UPRN" : "10033551650",
              "LAST_UPDATE_DATE" : "12/11/2018",
              "ENTRY_DATE" : "27/04/2003",
              "BLPU_STATE_DATE" : "27/04/2003",
              "LPI_LOGICAL_STATUS_CODE" : "1",
              "LPI_LOGICAL_STATUS_CODE_DESCRIPTION" : "APPROVED",
              "LANGUAGE" : "EN",
              "MATCH" : 1.0,
              "MATCH_DESCRIPTION" : "EXACT"
            }
          }, {
            "LPI" : {
              "UPRN" : "10033539611",
              "ADDRESS" : "FLAT 12, D BLOCK PEABODY ESTATE, OLD PYE STREET, LONDON, CITY OF WESTMINSTER, SW1P 2LQ",
              "USRN" : "8400146",
              "LPI_KEY" : "5990L000011995",
              "SAO_TEXT" : "FLAT 12",
              "PAO_TEXT" : "D BLOCK PEABODY ESTATE",
              "STREET_DESCRIPTION" : "OLD PYE STREET",
              "TOWN_NAME" : "LONDON",
              "ADMINISTRATIVE_AREA" : "CITY OF WESTMINSTER",
              "POSTCODE_LOCATOR" : "SW1P 2LQ",
              "RPC" : "2",
              "X_COORDINATE" : 529735.0,
              "Y_COORDINATE" : 179254.0,
              "STATUS" : "APPROVED",
              "LOGICAL_STATUS_CODE" : "1",
              "CLASSIFICATION_CODE" : "RD06",
              "CLASSIFICATION_CODE_DESCRIPTION" : "Self Contained Flat (Includes Maisonette / Apartment)",
              "LOCAL_CUSTODIAN_CODE" : 5990,
              "LOCAL_CUSTODIAN_CODE_DESCRIPTION" : "CITY OF WESTMINSTER",
              "POSTAL_ADDRESS_CODE" : "D",
              "POSTAL_ADDRESS_CODE_DESCRIPTION" : "A record which is linked to PAF",
              "BLPU_STATE_CODE" : "2",
              "BLPU_STATE_CODE_DESCRIPTION" : "In use",
              "TOPOGRAPHY_LAYER_TOID" : "osgb1000042216769",
              "PARENT_UPRN" : "10033551650",
              "LAST_UPDATE_DATE" : "12/11/2018",
              "ENTRY_DATE" : "27/04/2003",
              "BLPU_STATE_DATE" : "27/04/2003",
              "LPI_LOGICAL_STATUS_CODE" : "1",
              "LPI_LOGICAL_STATUS_CODE_DESCRIPTION" : "APPROVED",
              "LANGUAGE" : "EN",
              "MATCH" : 1.0,
              "MATCH_DESCRIPTION" : "EXACT"
            }
          }, {
            "LPI" : {
              "UPRN" : "10033539612",
              "ADDRESS" : "FLAT 13, D BLOCK PEABODY ESTATE, OLD PYE STREET, LONDON, CITY OF WESTMINSTER, SW1P 2LQ",
              "USRN" : "8400146",
              "LPI_KEY" : "5990L000011996",
              "SAO_TEXT" : "FLAT 13",
              "PAO_TEXT" : "D BLOCK PEABODY ESTATE",
              "STREET_DESCRIPTION" : "OLD PYE STREET",
              "TOWN_NAME" : "LONDON",
              "ADMINISTRATIVE_AREA" : "CITY OF WESTMINSTER",
              "POSTCODE_LOCATOR" : "SW1P 2LQ",
              "RPC" : "2",
              "X_COORDINATE" : 529735.0,
              "Y_COORDINATE" : 179254.0,
              "STATUS" : "APPROVED",
              "LOGICAL_STATUS_CODE" : "1",
              "CLASSIFICATION_CODE" : "RD06",
              "CLASSIFICATION_CODE_DESCRIPTION" : "Self Contained Flat (Includes Maisonette / Apartment)",
              "LOCAL_CUSTODIAN_CODE" : 5990,
              "LOCAL_CUSTODIAN_CODE_DESCRIPTION" : "CITY OF WESTMINSTER",
              "POSTAL_ADDRESS_CODE" : "D",
              "POSTAL_ADDRESS_CODE_DESCRIPTION" : "A record which is linked to PAF",
              "BLPU_STATE_CODE" : "2",
              "BLPU_STATE_CODE_DESCRIPTION" : "In use",
              "TOPOGRAPHY_LAYER_TOID" : "osgb1000042216769",
              "PARENT_UPRN" : "10033551650",
              "LAST_UPDATE_DATE" : "12/11/2018",
              "ENTRY_DATE" : "27/04/2003",
              "BLPU_STATE_DATE" : "27/04/2003",
              "LPI_LOGICAL_STATUS_CODE" : "1",
              "LPI_LOGICAL_STATUS_CODE_DESCRIPTION" : "APPROVED",
              "LANGUAGE" : "EN",
              "MATCH" : 1.0,
              "MATCH_DESCRIPTION" : "EXACT"
            }
          }, {
            "LPI" : {
              "UPRN" : "10033539613",
              "ADDRESS" : "FLAT 14, D BLOCK PEABODY ESTATE, OLD PYE STREET, LONDON, CITY OF WESTMINSTER, SW1P 2LQ",
              "USRN" : "8400146",
              "LPI_KEY" : "5990L000011997",
              "SAO_TEXT" : "FLAT 14",
              "PAO_TEXT" : "D BLOCK PEABODY ESTATE",
              "STREET_DESCRIPTION" : "OLD PYE STREET",
              "TOWN_NAME" : "LONDON",
              "ADMINISTRATIVE_AREA" : "CITY OF WESTMINSTER",
              "POSTCODE_LOCATOR" : "SW1P 2LQ",
              "RPC" : "2",
              "X_COORDINATE" : 529735.0,
              "Y_COORDINATE" : 179254.0,
              "STATUS" : "APPROVED",
              "LOGICAL_STATUS_CODE" : "1",
              "CLASSIFICATION_CODE" : "RD06",
              "CLASSIFICATION_CODE_DESCRIPTION" : "Self Contained Flat (Includes Maisonette / Apartment)",
              "LOCAL_CUSTODIAN_CODE" : 5990,
              "LOCAL_CUSTODIAN_CODE_DESCRIPTION" : "CITY OF WESTMINSTER",
              "POSTAL_ADDRESS_CODE" : "D",
              "POSTAL_ADDRESS_CODE_DESCRIPTION" : "A record which is linked to PAF",
              "BLPU_STATE_CODE" : "2",
              "BLPU_STATE_CODE_DESCRIPTION" : "In use",
              "TOPOGRAPHY_LAYER_TOID" : "osgb1000042216769",
              "PARENT_UPRN" : "10033551650",
              "LAST_UPDATE_DATE" : "12/11/2018",
              "ENTRY_DATE" : "27/04/2003",
              "BLPU_STATE_DATE" : "27/04/2003",
              "LPI_LOGICAL_STATUS_CODE" : "1",
              "LPI_LOGICAL_STATUS_CODE_DESCRIPTION" : "APPROVED",
              "LANGUAGE" : "EN",
              "MATCH" : 1.0,
              "MATCH_DESCRIPTION" : "EXACT"
            }
          }, {
            "LPI" : {
              "UPRN" : "10033539614",
              "ADDRESS" : "FLAT 2, D BLOCK PEABODY ESTATE, OLD PYE STREET, LONDON, CITY OF WESTMINSTER, SW1P 2LQ",
              "USRN" : "8400146",
              "LPI_KEY" : "5990L000011998",
              "SAO_TEXT" : "FLAT 2",
              "PAO_TEXT" : "D BLOCK PEABODY ESTATE",
              "STREET_DESCRIPTION" : "OLD PYE STREET",
              "TOWN_NAME" : "LONDON",
              "ADMINISTRATIVE_AREA" : "CITY OF WESTMINSTER",
              "POSTCODE_LOCATOR" : "SW1P 2LQ",
              "RPC" : "2",
              "X_COORDINATE" : 529735.0,
              "Y_COORDINATE" : 179254.0,
              "STATUS" : "APPROVED",
              "LOGICAL_STATUS_CODE" : "1",
              "CLASSIFICATION_CODE" : "RD06",
              "CLASSIFICATION_CODE_DESCRIPTION" : "Self Contained Flat (Includes Maisonette / Apartment)",
              "LOCAL_CUSTODIAN_CODE" : 5990,
              "LOCAL_CUSTODIAN_CODE_DESCRIPTION" : "CITY OF WESTMINSTER",
              "POSTAL_ADDRESS_CODE" : "D",
              "POSTAL_ADDRESS_CODE_DESCRIPTION" : "A record which is linked to PAF",
              "BLPU_STATE_CODE" : "2",
              "BLPU_STATE_CODE_DESCRIPTION" : "In use",
              "TOPOGRAPHY_LAYER_TOID" : "osgb1000042216769",
              "PARENT_UPRN" : "10033551650",
              "LAST_UPDATE_DATE" : "12/11/2018",
              "ENTRY_DATE" : "27/04/2003",
              "BLPU_STATE_DATE" : "27/04/2003",
              "LPI_LOGICAL_STATUS_CODE" : "1",
              "LPI_LOGICAL_STATUS_CODE_DESCRIPTION" : "APPROVED",
              "LANGUAGE" : "EN",
              "MATCH" : 1.0,
              "MATCH_DESCRIPTION" : "EXACT"
            }
          }, {
            "LPI" : {
              "UPRN" : "10033539615",
              "ADDRESS" : "FLAT 3, D BLOCK PEABODY ESTATE, OLD PYE STREET, LONDON, CITY OF WESTMINSTER, SW1P 2LQ",
              "USRN" : "8400146",
              "LPI_KEY" : "5990L000011999",
              "SAO_TEXT" : "FLAT 3",
              "PAO_TEXT" : "D BLOCK PEABODY ESTATE",
              "STREET_DESCRIPTION" : "OLD PYE STREET",
              "TOWN_NAME" : "LONDON",
              "ADMINISTRATIVE_AREA" : "CITY OF WESTMINSTER",
              "POSTCODE_LOCATOR" : "SW1P 2LQ",
              "RPC" : "2",
              "X_COORDINATE" : 529735.0,
              "Y_COORDINATE" : 179254.0,
              "STATUS" : "APPROVED",
              "LOGICAL_STATUS_CODE" : "1",
              "CLASSIFICATION_CODE" : "RD06",
              "CLASSIFICATION_CODE_DESCRIPTION" : "Self Contained Flat (Includes Maisonette / Apartment)",
              "LOCAL_CUSTODIAN_CODE" : 5990,
              "LOCAL_CUSTODIAN_CODE_DESCRIPTION" : "CITY OF WESTMINSTER",
              "POSTAL_ADDRESS_CODE" : "D",
              "POSTAL_ADDRESS_CODE_DESCRIPTION" : "A record which is linked to PAF",
              "BLPU_STATE_CODE" : "2",
              "BLPU_STATE_CODE_DESCRIPTION" : "In use",
              "TOPOGRAPHY_LAYER_TOID" : "osgb1000042216769",
              "PARENT_UPRN" : "10033551650",
              "LAST_UPDATE_DATE" : "12/11/2018",
              "ENTRY_DATE" : "27/04/2003",
              "BLPU_STATE_DATE" : "27/04/2003",
              "LPI_LOGICAL_STATUS_CODE" : "1",
              "LPI_LOGICAL_STATUS_CODE_DESCRIPTION" : "APPROVED",
              "LANGUAGE" : "EN",
              "MATCH" : 1.0,
              "MATCH_DESCRIPTION" : "EXACT"
            }
          }, {
            "LPI" : {
              "UPRN" : "10033539616",
              "ADDRESS" : "FLAT 4, D BLOCK PEABODY ESTATE, OLD PYE STREET, LONDON, CITY OF WESTMINSTER, SW1P 2LQ",
              "USRN" : "8400146",
              "LPI_KEY" : "5990L000184685",
              "SAO_TEXT" : "FLAT 4",
              "PAO_TEXT" : "D BLOCK PEABODY ESTATE",
              "STREET_DESCRIPTION" : "OLD PYE STREET",
              "TOWN_NAME" : "LONDON",
              "ADMINISTRATIVE_AREA" : "CITY OF WESTMINSTER",
              "POSTCODE_LOCATOR" : "SW1P 2LQ",
              "RPC" : "2",
              "X_COORDINATE" : 529735.0,
              "Y_COORDINATE" : 179254.0,
              "STATUS" : "APPROVED",
              "LOGICAL_STATUS_CODE" : "1",
              "CLASSIFICATION_CODE" : "RD06",
              "CLASSIFICATION_CODE_DESCRIPTION" : "Self Contained Flat (Includes Maisonette / Apartment)",
              "LOCAL_CUSTODIAN_CODE" : 5990,
              "LOCAL_CUSTODIAN_CODE_DESCRIPTION" : "CITY OF WESTMINSTER",
              "POSTAL_ADDRESS_CODE" : "D",
              "POSTAL_ADDRESS_CODE_DESCRIPTION" : "A record which is linked to PAF",
              "BLPU_STATE_CODE" : "2",
              "BLPU_STATE_CODE_DESCRIPTION" : "In use",
              "TOPOGRAPHY_LAYER_TOID" : "osgb1000042216769",
              "PARENT_UPRN" : "10033551650",
              "LAST_UPDATE_DATE" : "12/11/2018",
              "ENTRY_DATE" : "27/04/2003",
              "BLPU_STATE_DATE" : "27/04/2003",
              "LPI_LOGICAL_STATUS_CODE" : "1",
              "LPI_LOGICAL_STATUS_CODE_DESCRIPTION" : "APPROVED",
              "LANGUAGE" : "EN",
              "MATCH" : 1.0,
              "MATCH_DESCRIPTION" : "EXACT"
            }
          }, {
            "LPI" : {
              "UPRN" : "10033539617",
              "ADDRESS" : "FLAT 5, D BLOCK PEABODY ESTATE, OLD PYE STREET, LONDON, CITY OF WESTMINSTER, SW1P 2LQ",
              "USRN" : "8400146",
              "LPI_KEY" : "5990L000012000",
              "SAO_TEXT" : "FLAT 5",
              "PAO_TEXT" : "D BLOCK PEABODY ESTATE",
              "STREET_DESCRIPTION" : "OLD PYE STREET",
              "TOWN_NAME" : "LONDON",
              "ADMINISTRATIVE_AREA" : "CITY OF WESTMINSTER",
              "POSTCODE_LOCATOR" : "SW1P 2LQ",
              "RPC" : "2",
              "X_COORDINATE" : 529735.0,
              "Y_COORDINATE" : 179254.0,
              "STATUS" : "APPROVED",
              "LOGICAL_STATUS_CODE" : "1",
              "CLASSIFICATION_CODE" : "RD06",
              "CLASSIFICATION_CODE_DESCRIPTION" : "Self Contained Flat (Includes Maisonette / Apartment)",
              "LOCAL_CUSTODIAN_CODE" : 5990,
              "LOCAL_CUSTODIAN_CODE_DESCRIPTION" : "CITY OF WESTMINSTER",
              "POSTAL_ADDRESS_CODE" : "D",
              "POSTAL_ADDRESS_CODE_DESCRIPTION" : "A record which is linked to PAF",
              "BLPU_STATE_CODE" : "2",
              "BLPU_STATE_CODE_DESCRIPTION" : "In use",
              "TOPOGRAPHY_LAYER_TOID" : "osgb1000042216769",
              "PARENT_UPRN" : "10033551650",
              "LAST_UPDATE_DATE" : "12/11/2018",
              "ENTRY_DATE" : "27/04/2003",
              "BLPU_STATE_DATE" : "27/04/2003",
              "LPI_LOGICAL_STATUS_CODE" : "1",
              "LPI_LOGICAL_STATUS_CODE_DESCRIPTION" : "APPROVED",
              "LANGUAGE" : "EN",
              "MATCH" : 1.0,
              "MATCH_DESCRIPTION" : "EXACT"
            }
          }, {
            "LPI" : {
              "UPRN" : "10033539618",
              "ADDRESS" : "FLAT 6, D BLOCK PEABODY ESTATE, OLD PYE STREET, LONDON, CITY OF WESTMINSTER, SW1P 2LQ",
              "USRN" : "8400146",
              "LPI_KEY" : "5990L000012001",
              "SAO_TEXT" : "FLAT 6",
              "PAO_TEXT" : "D BLOCK PEABODY ESTATE",
              "STREET_DESCRIPTION" : "OLD PYE STREET",
              "TOWN_NAME" : "LONDON",
              "ADMINISTRATIVE_AREA" : "CITY OF WESTMINSTER",
              "POSTCODE_LOCATOR" : "SW1P 2LQ",
              "RPC" : "2",
              "X_COORDINATE" : 529735.0,
              "Y_COORDINATE" : 179254.0,
              "STATUS" : "APPROVED",
              "LOGICAL_STATUS_CODE" : "1",
              "CLASSIFICATION_CODE" : "RD06",
              "CLASSIFICATION_CODE_DESCRIPTION" : "Self Contained Flat (Includes Maisonette / Apartment)",
              "LOCAL_CUSTODIAN_CODE" : 5990,
              "LOCAL_CUSTODIAN_CODE_DESCRIPTION" : "CITY OF WESTMINSTER",
              "POSTAL_ADDRESS_CODE" : "D",
              "POSTAL_ADDRESS_CODE_DESCRIPTION" : "A record which is linked to PAF",
              "BLPU_STATE_CODE" : "2",
              "BLPU_STATE_CODE_DESCRIPTION" : "In use",
              "TOPOGRAPHY_LAYER_TOID" : "osgb1000042216769",
              "PARENT_UPRN" : "10033551650",
              "LAST_UPDATE_DATE" : "12/11/2018",
              "ENTRY_DATE" : "27/04/2003",
              "BLPU_STATE_DATE" : "27/04/2003",
              "LPI_LOGICAL_STATUS_CODE" : "1",
              "LPI_LOGICAL_STATUS_CODE_DESCRIPTION" : "APPROVED",
              "LANGUAGE" : "EN",
              "MATCH" : 1.0,
              "MATCH_DESCRIPTION" : "EXACT"
            }
          }, {
            "LPI" : {
              "UPRN" : "10033539619",
              "ADDRESS" : "FLAT 7, D BLOCK PEABODY ESTATE, OLD PYE STREET, LONDON, CITY OF WESTMINSTER, SW1P 2LQ",
              "USRN" : "8400146",
              "LPI_KEY" : "5990L000012002",
              "SAO_TEXT" : "FLAT 7",
              "PAO_TEXT" : "D BLOCK PEABODY ESTATE",
              "STREET_DESCRIPTION" : "OLD PYE STREET",
              "TOWN_NAME" : "LONDON",
              "ADMINISTRATIVE_AREA" : "CITY OF WESTMINSTER",
              "POSTCODE_LOCATOR" : "SW1P 2LQ",
              "RPC" : "2",
              "X_COORDINATE" : 529735.0,
              "Y_COORDINATE" : 179254.0,
              "STATUS" : "APPROVED",
              "LOGICAL_STATUS_CODE" : "1",
              "CLASSIFICATION_CODE" : "RD06",
              "CLASSIFICATION_CODE_DESCRIPTION" : "Self Contained Flat (Includes Maisonette / Apartment)",
              "LOCAL_CUSTODIAN_CODE" : 5990,
              "LOCAL_CUSTODIAN_CODE_DESCRIPTION" : "CITY OF WESTMINSTER",
              "POSTAL_ADDRESS_CODE" : "D",
              "POSTAL_ADDRESS_CODE_DESCRIPTION" : "A record which is linked to PAF",
              "BLPU_STATE_CODE" : "2",
              "BLPU_STATE_CODE_DESCRIPTION" : "In use",
              "TOPOGRAPHY_LAYER_TOID" : "osgb1000042216769",
              "PARENT_UPRN" : "10033551650",
              "LAST_UPDATE_DATE" : "12/11/2018",
              "ENTRY_DATE" : "27/04/2003",
              "BLPU_STATE_DATE" : "27/04/2003",
              "LPI_LOGICAL_STATUS_CODE" : "1",
              "LPI_LOGICAL_STATUS_CODE_DESCRIPTION" : "APPROVED",
              "LANGUAGE" : "EN",
              "MATCH" : 1.0,
              "MATCH_DESCRIPTION" : "EXACT"
            }
          }, {
            "LPI" : {
              "UPRN" : "10033539620",
              "ADDRESS" : "FLAT 8, D BLOCK PEABODY ESTATE, OLD PYE STREET, LONDON, CITY OF WESTMINSTER, SW1P 2LQ",
              "USRN" : "8400146",
              "LPI_KEY" : "5990L000012003",
              "SAO_TEXT" : "FLAT 8",
              "PAO_TEXT" : "D BLOCK PEABODY ESTATE",
              "STREET_DESCRIPTION" : "OLD PYE STREET",
              "TOWN_NAME" : "LONDON",
              "ADMINISTRATIVE_AREA" : "CITY OF WESTMINSTER",
              "POSTCODE_LOCATOR" : "SW1P 2LQ",
              "RPC" : "2",
              "X_COORDINATE" : 529735.0,
              "Y_COORDINATE" : 179254.0,
              "STATUS" : "APPROVED",
              "LOGICAL_STATUS_CODE" : "1",
              "CLASSIFICATION_CODE" : "RD06",
              "CLASSIFICATION_CODE_DESCRIPTION" : "Self Contained Flat (Includes Maisonette / Apartment)",
              "LOCAL_CUSTODIAN_CODE" : 5990,
              "LOCAL_CUSTODIAN_CODE_DESCRIPTION" : "CITY OF WESTMINSTER",
              "POSTAL_ADDRESS_CODE" : "D",
              "POSTAL_ADDRESS_CODE_DESCRIPTION" : "A record which is linked to PAF",
              "BLPU_STATE_CODE" : "2",
              "BLPU_STATE_CODE_DESCRIPTION" : "In use",
              "TOPOGRAPHY_LAYER_TOID" : "osgb1000042216769",
              "PARENT_UPRN" : "10033551650",
              "LAST_UPDATE_DATE" : "12/11/2018",
              "ENTRY_DATE" : "27/04/2003",
              "BLPU_STATE_DATE" : "27/04/2003",
              "LPI_LOGICAL_STATUS_CODE" : "1",
              "LPI_LOGICAL_STATUS_CODE_DESCRIPTION" : "APPROVED",
              "LANGUAGE" : "EN",
              "MATCH" : 1.0,
              "MATCH_DESCRIPTION" : "EXACT"
            }
          }, {
            "LPI" : {
              "UPRN" : "10033539621",
              "ADDRESS" : "FLAT 9, D BLOCK PEABODY ESTATE, OLD PYE STREET, LONDON, CITY OF WESTMINSTER, SW1P 2LQ",
              "USRN" : "8400146",
              "LPI_KEY" : "5990L000012004",
              "SAO_TEXT" : "FLAT 9",
              "PAO_TEXT" : "D BLOCK PEABODY ESTATE",
              "STREET_DESCRIPTION" : "OLD PYE STREET",
              "TOWN_NAME" : "LONDON",
              "ADMINISTRATIVE_AREA" : "CITY OF WESTMINSTER",
              "POSTCODE_LOCATOR" : "SW1P 2LQ",
              "RPC" : "2",
              "X_COORDINATE" : 529735.0,
              "Y_COORDINATE" : 179254.0,
              "STATUS" : "APPROVED",
              "LOGICAL_STATUS_CODE" : "1",
              "CLASSIFICATION_CODE" : "RD06",
              "CLASSIFICATION_CODE_DESCRIPTION" : "Self Contained Flat (Includes Maisonette / Apartment)",
              "LOCAL_CUSTODIAN_CODE" : 5990,
              "LOCAL_CUSTODIAN_CODE_DESCRIPTION" : "CITY OF WESTMINSTER",
              "POSTAL_ADDRESS_CODE" : "D",
              "POSTAL_ADDRESS_CODE_DESCRIPTION" : "A record which is linked to PAF",
              "BLPU_STATE_CODE" : "2",
              "BLPU_STATE_CODE_DESCRIPTION" : "In use",
              "TOPOGRAPHY_LAYER_TOID" : "osgb1000042216769",
              "PARENT_UPRN" : "10033551650",
              "LAST_UPDATE_DATE" : "12/11/2018",
              "ENTRY_DATE" : "27/04/2003",
              "BLPU_STATE_DATE" : "27/04/2003",
              "LPI_LOGICAL_STATUS_CODE" : "1",
              "LPI_LOGICAL_STATUS_CODE_DESCRIPTION" : "APPROVED",
              "LANGUAGE" : "EN",
              "MATCH" : 1.0,
              "MATCH_DESCRIPTION" : "EXACT"
            }
          }, {
            "LPI" : {
              "UPRN" : "10033551650",
              "ADDRESS" : "D BLOCK PEABODY ESTATE, OLD PYE STREET, LONDON, CITY OF WESTMINSTER, SW1P 2LQ",
              "USRN" : "8400146",
              "LPI_KEY" : "5990L000021979",
              "PAO_TEXT" : "D BLOCK PEABODY ESTATE",
              "STREET_DESCRIPTION" : "OLD PYE STREET",
              "TOWN_NAME" : "LONDON",
              "ADMINISTRATIVE_AREA" : "CITY OF WESTMINSTER",
              "POSTCODE_LOCATOR" : "SW1P 2LQ",
              "RPC" : "1",
              "X_COORDINATE" : 529735.0,
              "Y_COORDINATE" : 179254.0,
              "STATUS" : "APPROVED",
              "LOGICAL_STATUS_CODE" : "1",
              "CLASSIFICATION_CODE" : "PP",
              "CLASSIFICATION_CODE_DESCRIPTION" : "Property Shell",
              "LOCAL_CUSTODIAN_CODE" : 5990,
              "LOCAL_CUSTODIAN_CODE_DESCRIPTION" : "CITY OF WESTMINSTER",
              "POSTAL_ADDRESS_CODE" : "N",
              "POSTAL_ADDRESS_CODE_DESCRIPTION" : "Not a postal address",
              "BLPU_STATE_CODE" : "2",
              "BLPU_STATE_CODE_DESCRIPTION" : "In use",
              "TOPOGRAPHY_LAYER_TOID" : "osgb1000042216769",
              "LAST_UPDATE_DATE" : "10/02/2016",
              "ENTRY_DATE" : "27/04/2003",
              "BLPU_STATE_DATE" : "27/04/2003",
              "LPI_LOGICAL_STATUS_CODE" : "1",
              "LPI_LOGICAL_STATUS_CODE_DESCRIPTION" : "APPROVED",
              "LANGUAGE" : "EN",
              "MATCH" : 1.0,
              "MATCH_DESCRIPTION" : "EXACT"
            }
          }, {
            "LPI" : {
              "UPRN" : "10033555954",
              "ADDRESS" : "STREET RECORD, PERKIN'S RENTS, LONDON, CITY OF WESTMINSTER, SW1P 2LQ",
              "USRN" : "8401216",
              "LPI_KEY" : "5990L000025184",
              "PAO_TEXT" : "STREET RECORD",
              "STREET_DESCRIPTION" : "PERKIN'S RENTS",
              "TOWN_NAME" : "LONDON",
              "ADMINISTRATIVE_AREA" : "CITY OF WESTMINSTER",
              "POSTCODE_LOCATOR" : "SW1P 2LQ",
              "RPC" : "9",
              "X_COORDINATE" : 529748.0,
              "Y_COORDINATE" : 179236.0,
              "STATUS" : "APPROVED",
              "LOGICAL_STATUS_CODE" : "1",
              "CLASSIFICATION_CODE" : "PS",
              "CLASSIFICATION_CODE_DESCRIPTION" : "Street Record",
              "LOCAL_CUSTODIAN_CODE" : 5990,
              "LOCAL_CUSTODIAN_CODE_DESCRIPTION" : "CITY OF WESTMINSTER",
              "POSTAL_ADDRESS_CODE" : "N",
              "POSTAL_ADDRESS_CODE_DESCRIPTION" : "Not a postal address",
              "BLPU_STATE_CODE" : "2",
              "BLPU_STATE_CODE_DESCRIPTION" : "In use",
              "TOPOGRAPHY_LAYER_TOID" : "osgb1000001796283706",
              "LAST_UPDATE_DATE" : "23/09/2018",
              "ENTRY_DATE" : "27/04/2003",
              "BLPU_STATE_DATE" : "27/04/2003",
              "LPI_LOGICAL_STATUS_CODE" : "1",
              "LPI_LOGICAL_STATUS_CODE_DESCRIPTION" : "APPROVED",
              "LANGUAGE" : "EN",
              "MATCH" : 1.0,
              "MATCH_DESCRIPTION" : "EXACT"
            }
          } ]
        }
    http_version: null
  recorded_at: Mon, 04 May 2020 13:27:17 GMT
recorded_with: VCR 5.1.0
